
Microsoft Visual Studio Solution File, Format Version 12.00
# Visual Studio Version 16
VisualStudioVersion = 16.0.32413.511
MinimumVisualStudioVersion = 10.0.40219.1
Project("{9A19103F-16F7-4668-BE54-9A1E7A4F7556}") = "MSIT141Site_24_Ajax", "MSIT141Site_24_Ajax.csproj", "{92010038-873C-4248-9B83-04C651E5FA72}"
EndProject
Global
	GlobalSection(SolutionConfigurationPlatforms) = preSolution
		Debug|Any CPU = Debug|Any CPU
		Release|Any CPU = Release|Any CPU
	EndGlobalSection
	GlobalSection(ProjectConfigurationPlatforms) = postSolution
		{92010038-873C-4248-9B83-04C651E5FA72}.Debug|Any CPU.ActiveCfg = Debug|Any CPU
		{92010038-873C-4248-9B83-04C651E5FA72}.Debug|Any CPU.Build.0 = Debug|Any CPU
		{92010038-873C-4248-9B83-04C651E5FA72}.Release|Any CPU.ActiveCfg = Release|Any CPU
		{92010038-873C-4248-9B83-04C651E5FA72}.Release|Any CPU.Build.0 = Release|Any CPU
	EndGlobalSection
	GlobalSection(SolutionProperties) = preSolution
		HideSolutionNode = FALSE
	EndGlobalSection
	GlobalSection(ExtensibilityGlobals) = postSolution
		SolutionGuid = {A31BCEF3-871A-4F70-9C09-A4AACFE77224}
	EndGlobalSection
EndGlobal
